// !$*UTF8*$!
{
	archiveVersion = 1;
	classes = {
	};
	objectVersion = 77;
	objects = {

/* Begin PBXBuildFile section */
		ECECABC52D26A5AF00021895 /* GoogleSignIn in Frameworks */ = {isa = PBXBuildFile; productRef = ECECABC42D26A5AF00021895 /* GoogleSignIn */; };
		ECECABC72D26A5AF00021895 /* GoogleSignInSwift in Frameworks */ = {isa = PBXBuildFile; productRef = ECECABC62D26A5AF00021895 /* GoogleSignInSwift */; };
		ECECABCA2D26A5F800021895 /* FirebaseAuth in Frameworks */ = {isa = PBXBuildFile; productRef = ECECABC92D26A5F800021895 /* FirebaseAuth */; };
		ECECABCC2D26A5F800021895 /* FirebaseCore in Frameworks */ = {isa = PBXBuildFile; productRef = ECECABCB2D26A5F800021895 /* FirebaseCore */; };
		ECECABE12D26DD7A00021895 /* GoogleMaps in Frameworks */ = {isa = PBXBuildFile; productRef = ECECABE02D26DD7A00021895 /* GoogleMaps */; };
		ECECABFB2D2729D400021895 /* AppDelegate.swift in Sources */ = {isa = PBXBuildFile; fileRef = ECECABE62D2729D400021895 /* AppDelegate.swift */; };
		ECECABFC2D2729D400021895 /* AuthState.swift in Sources */ = {isa = PBXBuildFile; fileRef = ECECABE82D2729D400021895 /* AuthState.swift */; };
		ECECABFD2D2729D400021895 /* AuthView.swift in Sources */ = {isa = PBXBuildFile; fileRef = ECECABE92D2729D400021895 /* AuthView.swift */; };
		ECECAC002D2729D400021895 /* GoGymApp.swift in Sources */ = {isa = PBXBuildFile; fileRef = ECECABED2D2729D400021895 /* GoGymApp.swift */; };
		ECECAC012D2729D400021895 /* HomeView.swift in Sources */ = {isa = PBXBuildFile; fileRef = ECECABEF2D2729D400021895 /* HomeView.swift */; };
		ECECAC032D2729D400021895 /* MapView.swift in Sources */ = {isa = PBXBuildFile; fileRef = ECECABF22D2729D400021895 /* MapView.swift */; };
		ECECAC042D2729D400021895 /* MarkGymLocationView.swift in Sources */ = {isa = PBXBuildFile; fileRef = ECECABF32D2729D400021895 /* MarkGymLocationView.swift */; };
		ECECAC062D2729D400021895 /* SettingsView.swift in Sources */ = {isa = PBXBuildFile; fileRef = ECECABF52D2729D400021895 /* SettingsView.swift */; };
/* End PBXBuildFile section */

/* Begin PBXFileReference section */
		ECECABAC2D26A58000021895 /* GoGym.app */ = {isa = PBXFileReference; explicitFileType = wrapper.application; includeInIndex = 0; path = GoGym.app; sourceTree = BUILT_PRODUCTS_DIR; };
		ECECABE62D2729D400021895 /* AppDelegate.swift */ = {isa = PBXFileReference; lastKnownFileType = sourcecode.swift; path = AppDelegate.swift; sourceTree = "<group>"; };
		ECECABE82D2729D400021895 /* AuthState.swift */ = {isa = PBXFileReference; lastKnownFileType = sourcecode.swift; path = AuthState.swift; sourceTree = "<group>"; };
		ECECABE92D2729D400021895 /* AuthView.swift */ = {isa = PBXFileReference; lastKnownFileType = sourcecode.swift; path = AuthView.swift; sourceTree = "<group>"; };
		ECECABED2D2729D400021895 /* GoGymApp.swift */ = {isa = PBXFileReference; lastKnownFileType = sourcecode.swift; path = GoGymApp.swift; sourceTree = "<group>"; };
		ECECABEF2D2729D400021895 /* HomeView.swift */ = {isa = PBXFileReference; lastKnownFileType = sourcecode.swift; path = HomeView.swift; sourceTree = "<group>"; };
		ECECABF22D2729D400021895 /* MapView.swift */ = {isa = PBXFileReference; lastKnownFileType = sourcecode.swift; path = MapView.swift; sourceTree = "<group>"; };
		ECECABF32D2729D400021895 /* MarkGymLocationView.swift */ = {isa = PBXFileReference; lastKnownFileType = sourcecode.swift; path = MarkGymLocationView.swift; sourceTree = "<group>"; };
		ECECABF52D2729D400021895 /* SettingsView.swift */ = {isa = PBXFileReference; lastKnownFileType = sourcecode.swift; path = SettingsView.swift; sourceTree = "<group>"; };
/* End PBXFileReference section */

/* Begin PBXFileSystemSynchronizedBuildFileExceptionSet section */
		ECECABD02D26A64400021895 /* Exceptions for "GoGym" folder in "GoGym" target */ = {
			isa = PBXFileSystemSynchronizedBuildFileExceptionSet;
			membershipExceptions = (
				Info.plist,
			);
			target = ECECABAB2D26A58000021895 /* GoGym */;
		};
/* End PBXFileSystemSynchronizedBuildFileExceptionSet section */

/* Begin PBXFileSystemSynchronizedRootGroup section */
		ECECABAE2D26A58000021895 /* GoGym */ = {
			isa = PBXFileSystemSynchronizedRootGroup;
			exceptions = (
				ECECABD02D26A64400021895 /* Exceptions for "GoGym" folder in "GoGym" target */,
			);
			path = GoGym;
			sourceTree = "<group>";
		};
/* End PBXFileSystemSynchronizedRootGroup section */

/* Begin PBXFrameworksBuildPhase section */
		ECECABA92D26A58000021895 /* Frameworks */ = {
			isa = PBXFrameworksBuildPhase;
			buildActionMask = 2147483647;
			files = (
				ECECABC52D26A5AF00021895 /* GoogleSignIn in Frameworks */,
				ECECABCA2D26A5F800021895 /* FirebaseAuth in Frameworks */,
				ECECABE12D26DD7A00021895 /* GoogleMaps in Frameworks */,
				ECECABCC2D26A5F800021895 /* FirebaseCore in Frameworks */,
				ECECABC72D26A5AF00021895 /* GoogleSignInSwift in Frameworks */,
			);
			runOnlyForDeploymentPostprocessing = 0;
		};
/* End PBXFrameworksBuildPhase section */

/* Begin PBXGroup section */
		ECECABA32D26A58000021895 = {
			isa = PBXGroup;
			children = (
				ECECAC082D272BBE00021895 /* Features */,
				ECECABAE2D26A58000021895 /* GoGym */,
				ECECAC072D272B8200021895 /* App */,
				ECECABAD2D26A58000021895 /* Products */,
			);
			sourceTree = "<group>";
		};
		ECECABAD2D26A58000021895 /* Products */ = {
			isa = PBXGroup;
			children = (
				ECECABAC2D26A58000021895 /* GoGym.app */,
			);
			name = Products;
			sourceTree = "<group>";
		};
		ECECAC072D272B8200021895 /* App */ = {
			isa = PBXGroup;
			children = (
				ECECABED2D2729D400021895 /* GoGymApp.swift */,
				ECECABE62D2729D400021895 /* AppDelegate.swift */,
			);
			path = App;
			sourceTree = "<group>";
		};
		ECECAC082D272BBE00021895 /* Features */ = {
			isa = PBXGroup;
			children = (
				ECECAC0C2D272C0600021895 /* MarkGymLocation */,
				ECECAC0B2D272BF400021895 /* Settings */,
				ECECAC0A2D272BE100021895 /* Home */,
				ECECAC092D272BC900021895 /* Auth */,
			);
			path = Features;
			sourceTree = "<group>";
		};
		ECECAC092D272BC900021895 /* Auth */ = {
			isa = PBXGroup;
			children = (
				ECECABE82D2729D400021895 /* AuthState.swift */,
				ECECABE92D2729D400021895 /* AuthView.swift */,
			);
			path = Auth;
			sourceTree = "<group>";
		};
		ECECAC0A2D272BE100021895 /* Home */ = {
			isa = PBXGroup;
			children = (
				ECECABEF2D2729D400021895 /* HomeView.swift */,
			);
			path = Home;
			sourceTree = "<group>";
		};
		ECECAC0B2D272BF400021895 /* Settings */ = {
			isa = PBXGroup;
			children = (
				ECECABF52D2729D400021895 /* SettingsView.swift */,
			);
			path = Settings;
			sourceTree = "<group>";
		};
		ECECAC0C2D272C0600021895 /* MarkGymLocation */ = {
			isa = PBXGroup;
			children = (
				ECECABF32D2729D400021895 /* MarkGymLocationView.swift */,
				ECECABF22D2729D400021895 /* MapView.swift */,
			);
			path = MarkGymLocation;
			sourceTree = "<group>";
		};
/* End PBXGroup section */

/* Begin PBXNativeTarget section */
		ECECABAB2D26A58000021895 /* GoGym */ = {
			isa = PBXNativeTarget;
			buildConfigurationList = ECECABC02D26A58200021895 /* Build configuration list for PBXNativeTarget "GoGym" */;
			buildPhases = (
				ECECABA82D26A58000021895 /* Sources */,
				ECECABA92D26A58000021895 /* Frameworks */,
				ECECABAA2D26A58000021895 /* Resources */,
			);
			buildRules = (
			);
			dependencies = (
			);
			fileSystemSynchronizedGroups = (
				ECECABAE2D26A58000021895 /* GoGym */,
			);
			name = GoGym;
			packageProductDependencies = (
				ECECABC42D26A5AF00021895 /* GoogleSignIn */,
				ECECABC62D26A5AF00021895 /* GoogleSignInSwift */,
				ECECABC92D26A5F800021895 /* FirebaseAuth */,
				ECECABCB2D26A5F800021895 /* FirebaseCore */,
				ECECABE02D26DD7A00021895 /* GoogleMaps */,
			);
			productName = GoGym;
			productReference = ECECABAC2D26A58000021895 /* GoGym.app */;
			productType = "com.apple.product-type.application";
		};
/* End PBXNativeTarget section */

/* Begin PBXProject section */
		ECECABA42D26A58000021895 /* Project object */ = {
			isa = PBXProject;
			attributes = {
				BuildIndependentTargetsInParallel = 1;
				LastSwiftUpdateCheck = 1620;
				LastUpgradeCheck = 1620;
				TargetAttributes = {
					ECECABAB2D26A58000021895 = {
						CreatedOnToolsVersion = 16.2;
					};
				};
			};
			buildConfigurationList = ECECABA72D26A58000021895 /* Build configuration list for PBXProject "GoGym" */;
			developmentRegion = en;
			hasScannedForEncodings = 0;
			knownRegions = (
				en,
				Base,
			);
			mainGroup = ECECABA32D26A58000021895;
			minimizedProjectReferenceProxies = 1;
			packageReferences = (
				ECECABC32D26A5AF00021895 /* XCRemoteSwiftPackageReference "GoogleSignIn-iOS" */,
				ECECABC82D26A5F800021895 /* XCRemoteSwiftPackageReference "firebase-ios-sdk" */,
				ECECABDF2D26DD7A00021895 /* XCRemoteSwiftPackageReference "ios-maps-sdk" */,
			);
			preferredProjectObjectVersion = 77;
			productRefGroup = ECECABAD2D26A58000021895 /* Products */;
			projectDirPath = "";
			projectRoot = "";
			targets = (
				ECECABAB2D26A58000021895 /* GoGym */,
			);
		};
/* End PBXProject section */

/* Begin PBXResourcesBuildPhase section */
		ECECABAA2D26A58000021895 /* Resources */ = {
			isa = PBXResourcesBuildPhase;
			buildActionMask = 2147483647;
			files = (
			);
			runOnlyForDeploymentPostprocessing = 0;
		};
/* End PBXResourcesBuildPhase section */

/* Begin PBXSourcesBuildPhase section */
		ECECABA82D26A58000021895 /* Sources */ = {
			isa = PBXSourcesBuildPhase;
			buildActionMask = 2147483647;
			files = (
				ECECABFB2D2729D400021895 /* AppDelegate.swift in Sources */,
				ECECABFC2D2729D400021895 /* AuthState.swift in Sources */,
				ECECABFD2D2729D400021895 /* AuthView.swift in Sources */,
				ECECAC002D2729D400021895 /* GoGymApp.swift in Sources */,
				ECECAC012D2729D400021895 /* HomeView.swift in Sources */,
				ECECAC032D2729D400021895 /* MapView.swift in Sources */,
				ECECAC042D2729D400021895 /* MarkGymLocationView.swift in Sources */,
				ECECAC062D2729D400021895 /* SettingsView.swift in Sources */,
			);
			runOnlyForDeploymentPostprocessing = 0;
		};
/* End PBXSourcesBuildPhase section */

/* Begin XCBuildConfiguration section */
		ECECABBE2D26A58200021895 /* Debug */ = {
			isa = XCBuildConfiguration;
			buildSettings = {
				ALWAYS_SEARCH_USER_PATHS = NO;
				ASSETCATALOG_COMPILER_GENERATE_SWIFT_ASSET_SYMBOL_EXTENSIONS = YES;
				CLANG_ANALYZER_NONNULL = YES;
				CLANG_ANALYZER_NUMBER_OBJECT_CONVERSION = YES_AGGRESSIVE;
				CLANG_CXX_LANGUAGE_STANDARD = "gnu++20";
				CLANG_ENABLE_MODULES = YES;
				CLANG_ENABLE_OBJC_ARC = YES;
				CLANG_ENABLE_OBJC_WEAK = YES;
				CLANG_WARN_BLOCK_CAPTURE_AUTORELEASING = YES;
				CLANG_WARN_BOOL_CONVERSION = YES;
				CLANG_WARN_COMMA = YES;
				CLANG_WARN_CONSTANT_CONVERSION = YES;
				CLANG_WARN_DEPRECATED_OBJC_IMPLEMENTATIONS = YES;
				CLANG_WARN_DIRECT_OBJC_ISA_USAGE = YES_ERROR;
				CLANG_WARN_DOCUMENTATION_COMMENTS = YES;
				CLANG_WARN_EMPTY_BODY = YES;
				CLANG_WARN_ENUM_CONVERSION = YES;
				CLANG_WARN_INFINITE_RECURSION = YES;
				CLANG_WARN_INT_CONVERSION = YES;
				CLANG_WARN_NON_LITERAL_NULL_CONVERSION = YES;
				CLANG_WARN_OBJC_IMPLICIT_RETAIN_SELF = YES;
				CLANG_WARN_OBJC_LITERAL_CONVERSION = YES;
				CLANG_WARN_OBJC_ROOT_CLASS = YES_ERROR;
				CLANG_WARN_QUOTED_INCLUDE_IN_FRAMEWORK_HEADER = YES;
				CLANG_WARN_RANGE_LOOP_ANALYSIS = YES;
				CLANG_WARN_STRICT_PROTOTYPES = YES;
				CLANG_WARN_SUSPICIOUS_MOVE = YES;
				CLANG_WARN_UNGUARDED_AVAILABILITY = YES_AGGRESSIVE;
				CLANG_WARN_UNREACHABLE_CODE = YES;
				CLANG_WARN__DUPLICATE_METHOD_MATCH = YES;
				COPY_PHASE_STRIP = NO;
				DEBUG_INFORMATION_FORMAT = dwarf;
				ENABLE_STRICT_OBJC_MSGSEND = YES;
				ENABLE_TESTABILITY = YES;
				ENABLE_USER_SCRIPT_SANDBOXING = YES;
				GCC_C_LANGUAGE_STANDARD = gnu17;
				GCC_DYNAMIC_NO_PIC = NO;
				GCC_NO_COMMON_BLOCKS = YES;
				GCC_OPTIMIZATION_LEVEL = 0;
				GCC_PREPROCESSOR_DEFINITIONS = (
					"DEBUG=1",
					"$(inherited)",
				);
				GCC_WARN_64_TO_32_BIT_CONVERSION = YES;
				GCC_WARN_ABOUT_RETURN_TYPE = YES_ERROR;
				GCC_WARN_UNDECLARED_SELECTOR = YES;
				GCC_WARN_UNINITIALIZED_AUTOS = YES_AGGRESSIVE;
				GCC_WARN_UNUSED_FUNCTION = YES;
				GCC_WARN_UNUSED_VARIABLE = YES;
				LOCALIZATION_PREFERS_STRING_CATALOGS = YES;
				MTL_ENABLE_DEBUG_INFO = INCLUDE_SOURCE;
				MTL_FAST_MATH = YES;
				ONLY_ACTIVE_ARCH = YES;
				SWIFT_ACTIVE_COMPILATION_CONDITIONS = "DEBUG $(inherited)";
				SWIFT_OPTIMIZATION_LEVEL = "-Onone";
			};
			name = Debug;
		};
		ECECABBF2D26A58200021895 /* Release */ = {
			isa = XCBuildConfiguration;
			buildSettings = {
				ALWAYS_SEARCH_USER_PATHS = NO;
				ASSETCATALOG_COMPILER_GENERATE_SWIFT_ASSET_SYMBOL_EXTENSIONS = YES;
				CLANG_ANALYZER_NONNULL = YES;
				CLANG_ANALYZER_NUMBER_OBJECT_CONVERSION = YES_AGGRESSIVE;
				CLANG_CXX_LANGUAGE_STANDARD = "gnu++20";
				CLANG_ENABLE_MODULES = YES;
				CLANG_ENABLE_OBJC_ARC = YES;
				CLANG_ENABLE_OBJC_WEAK = YES;
				CLANG_WARN_BLOCK_CAPTURE_AUTORELEASING = YES;
				CLANG_WARN_BOOL_CONVERSION = YES;
				CLANG_WARN_COMMA = YES;
				CLANG_WARN_CONSTANT_CONVERSION = YES;
				CLANG_WARN_DEPRECATED_OBJC_IMPLEMENTATIONS = YES;
				CLANG_WARN_DIRECT_OBJC_ISA_USAGE = YES_ERROR;
				CLANG_WARN_DOCUMENTATION_COMMENTS = YES;
				CLANG_WARN_EMPTY_BODY = YES;
				CLANG_WARN_ENUM_CONVERSION = YES;
				CLANG_WARN_INFINITE_RECURSION = YES;
				CLANG_WARN_INT_CONVERSION = YES;
				CLANG_WARN_NON_LITERAL_NULL_CONVERSION = YES;
				CLANG_WARN_OBJC_IMPLICIT_RETAIN_SELF = YES;
				CLANG_WARN_OBJC_LITERAL_CONVERSION = YES;
				CLANG_WARN_OBJC_ROOT_CLASS = YES_ERROR;
				CLANG_WARN_QUOTED_INCLUDE_IN_FRAMEWORK_HEADER = YES;
				CLANG_WARN_RANGE_LOOP_ANALYSIS = YES;
				CLANG_WARN_STRICT_PROTOTYPES = YES;
				CLANG_WARN_SUSPICIOUS_MOVE = YES;
				CLANG_WARN_UNGUARDED_AVAILABILITY = YES_AGGRESSIVE;
				CLANG_WARN_UNREACHABLE_CODE = YES;
				CLANG_WARN__DUPLICATE_METHOD_MATCH = YES;
				COPY_PHASE_STRIP = NO;
				DEBUG_INFORMATION_FORMAT = "dwarf-with-dsym";
				ENABLE_NS_ASSERTIONS = NO;
				ENABLE_STRICT_OBJC_MSGSEND = YES;
				ENABLE_USER_SCRIPT_SANDBOXING = YES;
				GCC_C_LANGUAGE_STANDARD = gnu17;
				GCC_NO_COMMON_BLOCKS = YES;
				GCC_WARN_64_TO_32_BIT_CONVERSION = YES;
				GCC_WARN_ABOUT_RETURN_TYPE = YES_ERROR;
				GCC_WARN_UNDECLARED_SELECTOR = YES;
				GCC_WARN_UNINITIALIZED_AUTOS = YES_AGGRESSIVE;
				GCC_WARN_UNUSED_FUNCTION = YES;
				GCC_WARN_UNUSED_VARIABLE = YES;
				LOCALIZATION_PREFERS_STRING_CATALOGS = YES;
				MTL_ENABLE_DEBUG_INFO = NO;
				MTL_FAST_MATH = YES;
				SWIFT_COMPILATION_MODE = wholemodule;
			};
			name = Release;
		};
		ECECABC12D26A58200021895 /* Debug */ = {
			isa = XCBuildConfiguration;
			buildSettings = {
				ASSETCATALOG_COMPILER_APPICON_NAME = AppIcon;
				ASSETCATALOG_COMPILER_GLOBAL_ACCENT_COLOR_NAME = AccentColor;
				CODE_SIGN_ENTITLEMENTS = GoGym/GoGym.entitlements;
				CODE_SIGN_STYLE = Automatic;
				CURRENT_PROJECT_VERSION = 1;
				DEVELOPMENT_ASSET_PATHS = "\"GoGym/Preview Content\"";
				DEVELOPMENT_TEAM = G2R325U3TU;
				ENABLE_HARDENED_RUNTIME = YES;
				ENABLE_PREVIEWS = YES;
				GENERATE_INFOPLIST_FILE = YES;
				INFOPLIST_FILE = GoGym/Info.plist;
				"INFOPLIST_KEY_UIApplicationSceneManifest_Generation[sdk=iphoneos*]" = YES;
				"INFOPLIST_KEY_UIApplicationSceneManifest_Generation[sdk=iphonesimulator*]" = YES;
				"INFOPLIST_KEY_UIApplicationSupportsIndirectInputEvents[sdk=iphoneos*]" = YES;
				"INFOPLIST_KEY_UIApplicationSupportsIndirectInputEvents[sdk=iphonesimulator*]" = YES;
				"INFOPLIST_KEY_UILaunchScreen_Generation[sdk=iphoneos*]" = YES;
				"INFOPLIST_KEY_UILaunchScreen_Generation[sdk=iphonesimulator*]" = YES;
				"INFOPLIST_KEY_UIStatusBarStyle[sdk=iphoneos*]" = UIStatusBarStyleDefault;
				"INFOPLIST_KEY_UIStatusBarStyle[sdk=iphonesimulator*]" = UIStatusBarStyleDefault;
				INFOPLIST_KEY_UISupportedInterfaceOrientations_iPad = "UIInterfaceOrientationPortrait UIInterfaceOrientationPortraitUpsideDown UIInterfaceOrientationLandscapeLeft UIInterfaceOrientationLandscapeRight";
				INFOPLIST_KEY_UISupportedInterfaceOrientations_iPhone = "UIInterfaceOrientationPortrait UIInterfaceOrientationLandscapeLeft UIInterfaceOrientationLandscapeRight";
				IPHONEOS_DEPLOYMENT_TARGET = 16.6;
				LD_RUNPATH_SEARCH_PATHS = "@executable_path/Frameworks";
				"LD_RUNPATH_SEARCH_PATHS[sdk=macosx*]" = "@executable_path/../Frameworks";
				MACOSX_DEPLOYMENT_TARGET = 15.1;
				MARKETING_VERSION = 1.0;
				PRODUCT_BUNDLE_IDENTIFIER = anovijay.GoGym;
				PRODUCT_NAME = "$(TARGET_NAME)";
				SDKROOT = auto;
				SUPPORTED_PLATFORMS = "iphoneos iphonesimulator macosx xros xrsimulator";
				SWIFT_EMIT_LOC_STRINGS = YES;
				SWIFT_VERSION = 5.0;
				TARGETED_DEVICE_FAMILY = "1,2,7";
				XROS_DEPLOYMENT_TARGET = 2.2;
			};
			name = Debug;
		};
		ECECABC22D26A58200021895 /* Release */ = {
			isa = XCBuildConfiguration;
			buildSettings = {
				ASSETCATALOG_COMPILER_APPICON_NAME = AppIcon;
				ASSETCATALOG_COMPILER_GLOBAL_ACCENT_COLOR_NAME = AccentColor;
				CODE_SIGN_ENTITLEMENTS = GoGym/GoGym.entitlements;
				CODE_SIGN_STYLE = Automatic;
				CURRENT_PROJECT_VERSION = 1;
				DEVELOPMENT_ASSET_PATHS = "\"GoGym/Preview Content\"";
				DEVELOPMENT_TEAM = G2R325U3TU;
				ENABLE_HARDENED_RUNTIME = YES;
				ENABLE_PREVIEWS = YES;
				GENERATE_INFOPLIST_FILE = YES;
				INFOPLIST_FILE = GoGym/Info.plist;
				"INFOPLIST_KEY_UIApplicationSceneManifest_Generation[sdk=iphoneos*]" = YES;
				"INFOPLIST_KEY_UIApplicationSceneManifest_Generation[sdk=iphonesimulator*]" = YES;
				"INFOPLIST_KEY_UIApplicationSupportsIndirectInputEvents[sdk=iphoneos*]" = YES;
				"INFOPLIST_KEY_UIApplicationSupportsIndirectInputEvents[sdk=iphonesimulator*]" = YES;
				"INFOPLIST_KEY_UILaunchScreen_Generation[sdk=iphoneos*]" = YES;
				"INFOPLIST_KEY_UILaunchScreen_Generation[sdk=iphonesimulator*]" = YES;
				"INFOPLIST_KEY_UIStatusBarStyle[sdk=iphoneos*]" = UIStatusBarStyleDefault;
				"INFOPLIST_KEY_UIStatusBarStyle[sdk=iphonesimulator*]" = UIStatusBarStyleDefault;
				INFOPLIST_KEY_UISupportedInterfaceOrientations_iPad = "UIInterfaceOrientationPortrait UIInterfaceOrientationPortraitUpsideDown UIInterfaceOrientationLandscapeLeft UIInterfaceOrientationLandscapeRight";
				INFOPLIST_KEY_UISupportedInterfaceOrientations_iPhone = "UIInterfaceOrientationPortrait UIInterfaceOrientationLandscapeLeft UIInterfaceOrientationLandscapeRight";
				IPHONEOS_DEPLOYMENT_TARGET = 16.6;
				LD_RUNPATH_SEARCH_PATHS = "@executable_path/Frameworks";
				"LD_RUNPATH_SEARCH_PATHS[sdk=macosx*]" = "@executable_path/../Frameworks";
				MACOSX_DEPLOYMENT_TARGET = 15.1;
				MARKETING_VERSION = 1.0;
				PRODUCT_BUNDLE_IDENTIFIER = anovijay.GoGym;
				PRODUCT_NAME = "$(TARGET_NAME)";
				SDKROOT = auto;
				SUPPORTED_PLATFORMS = "iphoneos iphonesimulator macosx xros xrsimulator";
				SWIFT_EMIT_LOC_STRINGS = YES;
				SWIFT_VERSION = 5.0;
				TARGETED_DEVICE_FAMILY = "1,2,7";
				XROS_DEPLOYMENT_TARGET = 2.2;
			};
			name = Release;
		};
/* End XCBuildConfiguration section */

/* Begin XCConfigurationList section */
		ECECABA72D26A58000021895 /* Build configuration list for PBXProject "GoGym" */ = {
			isa = XCConfigurationList;
			buildConfigurations = (
				ECECABBE2D26A58200021895 /* Debug */,
				ECECABBF2D26A58200021895 /* Release */,
			);
			defaultConfigurationIsVisible = 0;
			defaultConfigurationName = Release;
		};
		ECECABC02D26A58200021895 /* Build configuration list for PBXNativeTarget "GoGym" */ = {
			isa = XCConfigurationList;
			buildConfigurations = (
				ECECABC12D26A58200021895 /* Debug */,
				ECECABC22D26A58200021895 /* Release */,
			);
			defaultConfigurationIsVisible = 0;
			defaultConfigurationName = Release;
		};
/* End XCConfigurationList section */

/* Begin XCRemoteSwiftPackageReference section */
		ECECABC32D26A5AF00021895 /* XCRemoteSwiftPackageReference "GoogleSignIn-iOS" */ = {
			isa = XCRemoteSwiftPackageReference;
			repositoryURL = "https://github.com/google/GoogleSignIn-iOS/";
			requirement = {
				kind = upToNextMajorVersion;
				minimumVersion = 8.0.0;
			};
		};
		ECECABC82D26A5F800021895 /* XCRemoteSwiftPackageReference "firebase-ios-sdk" */ = {
			isa = XCRemoteSwiftPackageReference;
			repositoryURL = "https://github.com/firebase/firebase-ios-sdk";
			requirement = {
				kind = upToNextMajorVersion;
				minimumVersion = 11.6.0;
			};
		};
		ECECABDF2D26DD7A00021895 /* XCRemoteSwiftPackageReference "ios-maps-sdk" */ = {
			isa = XCRemoteSwiftPackageReference;
			repositoryURL = "https://github.com/googlemaps/ios-maps-sdk";
			requirement = {
				kind = upToNextMajorVersion;
				minimumVersion = 9.2.0;
			};
		};
/* End XCRemoteSwiftPackageReference section */

/* Begin XCSwiftPackageProductDependency section */
		ECECABC42D26A5AF00021895 /* GoogleSignIn */ = {
			isa = XCSwiftPackageProductDependency;
			package = ECECABC32D26A5AF00021895 /* XCRemoteSwiftPackageReference "GoogleSignIn-iOS" */;
			productName = GoogleSignIn;
		};
		ECECABC62D26A5AF00021895 /* GoogleSignInSwift */ = {
			isa = XCSwiftPackageProductDependency;
			package = ECECABC32D26A5AF00021895 /* XCRemoteSwiftPackageReference "GoogleSignIn-iOS" */;
			productName = GoogleSignInSwift;
		};
		ECECABC92D26A5F800021895 /* FirebaseAuth */ = {
			isa = XCSwiftPackageProductDependency;
			package = ECECABC82D26A5F800021895 /* XCRemoteSwiftPackageReference "firebase-ios-sdk" */;
			productName = FirebaseAuth;
		};
		ECECABCB2D26A5F800021895 /* FirebaseCore */ = {
			isa = XCSwiftPackageProductDependency;
			package = ECECABC82D26A5F800021895 /* XCRemoteSwiftPackageReference "firebase-ios-sdk" */;
			productName = FirebaseCore;
		};
		ECECABE02D26DD7A00021895 /* GoogleMaps */ = {
			isa = XCSwiftPackageProductDependency;
			package = ECECABDF2D26DD7A00021895 /* XCRemoteSwiftPackageReference "ios-maps-sdk" */;
			productName = GoogleMaps;
		};
/* End XCSwiftPackageProductDependency section */
	};
	rootObject = ECECABA42D26A58000021895 /* Project object */;
}
